<?xml version="1.0" encoding="utf-8"?>
<Project ToolsVersion="4.0" xmlns="http://schemas.microsoft.com/developer/msbuild/2003">
  <ItemGroup>
    <Filter Include="Source Files">
      <UniqueIdentifier>{4FC737F1-C7A5-4376-A066-2A32D752A2FF}</UniqueIdentifier>
      <Extensions>cpp;c;cc;cxx;c++;cppm;ixx;def;odl;idl;hpj;bat;asm;asmx</Extensions>
    </Filter>
  </ItemGroup>
  <ItemGroup>
    <ClCompile Include="Discord RPC.cpp">
      <Filter>Source Files</Filter>
    </ClCompile>
    <ClCompile Include="DiscordSDK\src\serialization.cpp">
      <Filter>Source Files</Filter>
    </ClCompile>
    <ClCompile Include="DiscordSDK\src\rpc_connection.cpp">
      <Filter>Source Files</Filter>
    </ClCompile>
    <ClCompile Include="DiscordSDK\src\dllmain.cpp">
      <Filter>Source Files</Filter>
    </ClCompile>
    <ClCompile Include="DiscordSDK\src\discord_rpc.cpp">
      <Filter>Source Files</Filter>
    </ClCompile>
    <ClCompile Include="DiscordSDK\src\discord_register_win.cpp">
      <Filter>Source Files</Filter>
    </ClCompile>
    <ClCompile Include="DiscordSDK\src\connection_win.cpp">
      <Filter>Source Files</Filter>
    </ClCompile>
    <ClCompile Include="Class\Discord.cpp">
      <Filter>Source Files</Filter>
    </ClCompile>
    <ClCompile Include="Class\cel.cpp">
      <Filter>Source Files</Filter>
    </ClCompile>
  </ItemGroup>
  <ItemGroup>
    <ClInclude Include="DiscordSDK\src\serialization.h" />
    <ClInclude Include="DiscordSDK\src\rpc_connection.h" />
    <ClInclude Include="DiscordSDK\src\msg_queue.h" />
    <ClInclude Include="DiscordSDK\src\backoff.h" />
    <ClInclude Include="Class\Discord.h" />
    <ClInclude Include="DiscordSDK\include\discord_register.h" />
    <ClInclude Include="DiscordSDK\include\discord_rpc.h" />
    <ClInclude Include="Class\cel.h" />
  </ItemGroup>
</Project>